
Microsoft Visual Studio Solution File, Format Version 12.00
# Visual Studio Version 16
VisualStudioVersion = 16.0.30804.86
MinimumVisualStudioVersion = 10.0.40219.1
Project("{FAE04EC0-301F-11D3-BF4B-00C04F79EFBC}") = "Notes.webapi", "Notes.webapi\Notes.webapi.csproj", "{BEE63329-46A9-4027-A22A-3B1DF16FC362}"
EndProject
Project("{FAE04EC0-301F-11D3-BF4B-00C04F79EFBC}") = "Notes.Db", "Notes.Db\Notes.Db.csproj", "{DD1B22A8-F8DF-46A2-AB10-409C50CF04E5}"
EndProject
Project("{FAE04EC0-301F-11D3-BF4B-00C04F79EFBC}") = "Notes.core", "Notes.core\Notes.core.csproj", "{CFC1422B-0532-4EAE-B2F2-34F892F5E4A2}"
EndProject
Global
	GlobalSection(SolutionConfigurationPlatforms) = preSolution
		Debug|Any CPU = Debug|Any CPU
		Release|Any CPU = Release|Any CPU
	EndGlobalSection
	GlobalSection(ProjectConfigurationPlatforms) = postSolution
		{BEE63329-46A9-4027-A22A-3B1DF16FC362}.Debug|Any CPU.ActiveCfg = Debug|Any CPU
		{BEE63329-46A9-4027-A22A-3B1DF16FC362}.Debug|Any CPU.Build.0 = Debug|Any CPU
		{BEE63329-46A9-4027-A22A-3B1DF16FC362}.Release|Any CPU.ActiveCfg = Release|Any CPU
		{BEE63329-46A9-4027-A22A-3B1DF16FC362}.Release|Any CPU.Build.0 = Release|Any CPU
		{DD1B22A8-F8DF-46A2-AB10-409C50CF04E5}.Debug|Any CPU.ActiveCfg = Debug|Any CPU
		{DD1B22A8-F8DF-46A2-AB10-409C50CF04E5}.Debug|Any CPU.Build.0 = Debug|Any CPU
		{DD1B22A8-F8DF-46A2-AB10-409C50CF04E5}.Release|Any CPU.ActiveCfg = Release|Any CPU
		{DD1B22A8-F8DF-46A2-AB10-409C50CF04E5}.Release|Any CPU.Build.0 = Release|Any CPU
		{CFC1422B-0532-4EAE-B2F2-34F892F5E4A2}.Debug|Any CPU.ActiveCfg = Debug|Any CPU
		{CFC1422B-0532-4EAE-B2F2-34F892F5E4A2}.Debug|Any CPU.Build.0 = Debug|Any CPU
		{CFC1422B-0532-4EAE-B2F2-34F892F5E4A2}.Release|Any CPU.ActiveCfg = Release|Any CPU
		{CFC1422B-0532-4EAE-B2F2-34F892F5E4A2}.Release|Any CPU.Build.0 = Release|Any CPU
	EndGlobalSection
	GlobalSection(SolutionProperties) = preSolution
		HideSolutionNode = FALSE
	EndGlobalSection
	GlobalSection(ExtensibilityGlobals) = postSolution
		SolutionGuid = {5B5934E4-62F5-4841-8B4D-204B6C4FC0E6}
	EndGlobalSection
EndGlobal
